<?xml version="1.0" encoding="utf-8"?>
<Project ToolsVersion="4.0" xmlns="http://schemas.microsoft.com/developer/msbuild/2003">
  <ItemGroup>
    <ClCompile Include="src\ofApp.cpp">
      <Filter>src</Filter>
    </ClCompile>
    <ClCompile Include="src\main.cpp">
      <Filter>src</Filter>
    </ClCompile>
    <ClCompile Include="src\HotSpot.cpp">
      <Filter>src</Filter>
    </ClCompile>
    <ClCompile Include="..\..\..\addons\ofxTween\src\Easings\ofxEasing.cpp">
      <Filter>addons\ofxTween</Filter>
    </ClCompile>
    <ClCompile Include="..\..\..\addons\ofxTween\src\Easings\ofxEasingBack.cpp">
      <Filter>addons\ofxTween</Filter>
    </ClCompile>
    <ClCompile Include="..\..\..\addons\ofxTween\src\Easings\ofxEasingBounce.cpp">
      <Filter>addons\ofxTween</Filter>
    </ClCompile>
    <ClCompile Include="..\..\..\addons\ofxTween\src\Easings\ofxEasingCirc.cpp">
      <Filter>addons\ofxTween</Filter>
    </ClCompile>
    <ClCompile Include="..\..\..\addons\ofxTween\src\Easings\ofxEasingCubic.cpp">
      <Filter>addons\ofxTween</Filter>
    </ClCompile>
    <ClCompile Include="..\..\..\addons\ofxTween\src\Easings\ofxEasingElastic.cpp">
      <Filter>addons\ofxTween</Filter>
    </ClCompile>
    <ClCompile Include="..\..\..\addons\ofxTween\src\Easings\ofxEasingExpo.cpp">
      <Filter>addons\ofxTween</Filter>
    </ClCompile>
    <ClCompile Include="..\..\..\addons\ofxTween\src\Easings\ofxEasingLinear.cpp">
      <Filter>addons\ofxTween</Filter>
    </ClCompile>
    <ClCompile Include="..\..\..\addons\ofxTween\src\Easings\ofxEasingQuad.cpp">
      <Filter>addons\ofxTween</Filter>
    </ClCompile>
    <ClCompile Include="..\..\..\addons\ofxTween\src\Easings\ofxEasingQuart.cpp">
      <Filter>addons\ofxTween</Filter>
    </ClCompile>
    <ClCompile Include="..\..\..\addons\ofxTween\src\Easings\ofxEasingQuint.cpp">
      <Filter>addons\ofxTween</Filter>
    </ClCompile>
    <ClCompile Include="..\..\..\addons\ofxTween\src\Easings\ofxEasingSine.cpp">
      <Filter>addons\ofxTween</Filter>
    </ClCompile>
    <ClCompile Include="..\..\..\addons\ofxTween\src\ofxTween.cpp">
      <Filter>addons\ofxTween</Filter>
    </ClCompile>
    <ClCompile Include="src\ImageElement.cpp">
      <Filter>src\common</Filter>
    </ClCompile>
    <ClCompile Include="src\Sequencable.cpp">
      <Filter>src\common</Filter>
    </ClCompile>
  </ItemGroup>
  <ItemGroup>
    <Filter Include="src">
      <UniqueIdentifier>{d8376475-7454-4a24-b08a-aac121d3ad6f}</UniqueIdentifier>
    </Filter>
    <Filter Include="addons">
      <UniqueIdentifier>{451d4833-a240-4e1c-bf00-cdbf2b77c3c5}</UniqueIdentifier>
    </Filter>
    <Filter Include="addons\ofxTween">
      <UniqueIdentifier>{24da7560-e4a7-47d8-9e5f-9ed7dd0375d1}</UniqueIdentifier>
    </Filter>
    <Filter Include="src\common">
      <UniqueIdentifier>{97538ebd-b67a-4c6e-8d6b-9497c69cc26a}</UniqueIdentifier>
    </Filter>
  </ItemGroup>
  <ItemGroup>
    <ClInclude Include="src\ofApp.h">
      <Filter>src</Filter>
    </ClInclude>
    <ClInclude Include="src\HotSpot.h">
      <Filter>src</Filter>
    </ClInclude>
    <ClInclude Include="..\..\..\addons\ofxTween\src\Easings\ofxEasing.h">
      <Filter>addons\ofxTween</Filter>
    </ClInclude>
    <ClInclude Include="..\..\..\addons\ofxTween\src\Easings\ofxEasingBack.h">
      <Filter>addons\ofxTween</Filter>
    </ClInclude>
    <ClInclude Include="..\..\..\addons\ofxTween\src\Easings\ofxEasingBounce.h">
      <Filter>addons\ofxTween</Filter>
    </ClInclude>
    <ClInclude Include="..\..\..\addons\ofxTween\src\Easings\ofxEasingCirc.h">
      <Filter>addons\ofxTween</Filter>
    </ClInclude>
    <ClInclude Include="..\..\..\addons\ofxTween\src\Easings\ofxEasingCubic.h">
      <Filter>addons\ofxTween</Filter>
    </ClInclude>
    <ClInclude Include="..\..\..\addons\ofxTween\src\Easings\ofxEasingElastic.h">
      <Filter>addons\ofxTween</Filter>
    </ClInclude>
    <ClInclude Include="..\..\..\addons\ofxTween\src\Easings\ofxEasingExpo.h">
      <Filter>addons\ofxTween</Filter>
    </ClInclude>
    <ClInclude Include="..\..\..\addons\ofxTween\src\Easings\ofxEasingLinear.h">
      <Filter>addons\ofxTween</Filter>
    </ClInclude>
    <ClInclude Include="..\..\..\addons\ofxTween\src\Easings\ofxEasingQuad.h">
      <Filter>addons\ofxTween</Filter>
    </ClInclude>
    <ClInclude Include="..\..\..\addons\ofxTween\src\Easings\ofxEasingQuart.h">
      <Filter>addons\ofxTween</Filter>
    </ClInclude>
    <ClInclude Include="..\..\..\addons\ofxTween\src\Easings\ofxEasingQuint.h">
      <Filter>addons\ofxTween</Filter>
    </ClInclude>
    <ClInclude Include="..\..\..\addons\ofxTween\src\Easings\ofxEasingSine.h">
      <Filter>addons\ofxTween</Filter>
    </ClInclude>
    <ClInclude Include="..\..\..\addons\ofxTween\src\ofxTween.h">
      <Filter>addons\ofxTween</Filter>
    </ClInclude>
    <ClInclude Include="src\ImageElement.h">
      <Filter>src\common</Filter>
    </ClInclude>
    <ClInclude Include="src\Sequencable.h">
      <Filter>src\common</Filter>
    </ClInclude>
  </ItemGroup>
  <ItemGroup>
    <ResourceCompile Include="icon.rc" />
  </ItemGroup>
  <ItemGroup>
    <None Include="..\..\..\addons\ofxTween\src\Easings\easing_terms_of_use.html">
      <Filter>addons\ofxTween</Filter>
    </None>
  </ItemGroup>
</Project>